// !$*UTF8*$!
{
	archiveVersion = 1;
	classes = {
	};
	objectVersion = 48;
	objects = {

/* Begin PBXBuildFile section */
		1EEB09CE2DAB503FF5B17C5E /* Pods_FINN.framework in Frameworks */ = {isa = PBXBuildFile; fileRef = 25B32E4C856A37E16CF0A716 /* Pods_FINN.framework */; };
		46A1BB6B2193CC51EA3BA665 /* Pods_FINNTests.framework in Frameworks */ = {isa = PBXBuildFile; fileRef = 725074B9036A79E8FE78DDC1 /* Pods_FINNTests.framework */; };
		E005A95E202FA302004FEF0B /* AdsListViewControllerTests.swift in Sources */ = {isa = PBXBuildFile; fileRef = E005A95D202FA302004FEF0B /* AdsListViewControllerTests.swift */; };
		E005A960202FA45E004FEF0B /* MockAdsListPresenter.swift in Sources */ = {isa = PBXBuildFile; fileRef = E005A95F202FA45E004FEF0B /* MockAdsListPresenter.swift */; };
		E01FD8B62027434600152D02 /* AppDelegate.swift in Sources */ = {isa = PBXBuildFile; fileRef = E01FD8B52027434600152D02 /* AppDelegate.swift */; };
		E01FD8BD2027434600152D02 /* Assets.xcassets in Resources */ = {isa = PBXBuildFile; fileRef = E01FD8BC2027434600152D02 /* Assets.xcassets */; };
		E02A8B01202A33E9007C2C11 /* CacheProvider.swift in Sources */ = {isa = PBXBuildFile; fileRef = E02A8B00202A33E9007C2C11 /* CacheProvider.swift */; };
		E02A8B03202A6234007C2C11 /* LoadingView.swift in Sources */ = {isa = PBXBuildFile; fileRef = E02A8B02202A6234007C2C11 /* LoadingView.swift */; };
		E033115D2027ABB300903318 /* Result.swift in Sources */ = {isa = PBXBuildFile; fileRef = E033115C2027ABB300903318 /* Result.swift */; };
		E033115F2027ABBE00903318 /* NetworkError.swift in Sources */ = {isa = PBXBuildFile; fileRef = E033115E2027ABBE00903318 /* NetworkError.swift */; };
		E0443596202CDB74001E4545 /* Alertable.swift in Sources */ = {isa = PBXBuildFile; fileRef = E0443595202CDB74001E4545 /* Alertable.swift */; };
		E0443598202CDD34001E4545 /* Error.swift in Sources */ = {isa = PBXBuildFile; fileRef = E0443597202CDD34001E4545 /* Error.swift */; };
		E044359B202CE3C5001E4545 /* AdPriceTests.swift in Sources */ = {isa = PBXBuildFile; fileRef = E044359A202CE3C5001E4545 /* AdPriceTests.swift */; };
		E044359E202CE4F4001E4545 /* AdPhoto.json in Resources */ = {isa = PBXBuildFile; fileRef = E044359C202CE4F3001E4545 /* AdPhoto.json */; };
		E044359F202CE4F4001E4545 /* AdPrice.json in Resources */ = {isa = PBXBuildFile; fileRef = E044359D202CE4F4001E4545 /* AdPrice.json */; };
		E04435A1202CE5C8001E4545 /* AdPhotoTests.swift in Sources */ = {isa = PBXBuildFile; fileRef = E04435A0202CE5C8001E4545 /* AdPhotoTests.swift */; };
		E04435A3202CE64E001E4545 /* NormalAdTests.swift in Sources */ = {isa = PBXBuildFile; fileRef = E04435A2202CE64E001E4545 /* NormalAdTests.swift */; };
		E04435A5202CE682001E4545 /* NormalAd.json in Resources */ = {isa = PBXBuildFile; fileRef = E04435A4202CE682001E4545 /* NormalAd.json */; };
		E04435A7202CE964001E4545 /* AdsContainerTests.swift in Sources */ = {isa = PBXBuildFile; fileRef = E04435A6202CE964001E4545 /* AdsContainerTests.swift */; };
		E04435A9202CEAA6001E4545 /* FavouriteAdTests.swift in Sources */ = {isa = PBXBuildFile; fileRef = E04435A8202CEAA6001E4545 /* FavouriteAdTests.swift */; };
		E04435AD202E1599001E4545 /* CacheProviderTests.swift in Sources */ = {isa = PBXBuildFile; fileRef = E04435AC202E1599001E4545 /* CacheProviderTests.swift */; };
		E04435AF202E1950001E4545 /* FileManagerProviderTests.swift in Sources */ = {isa = PBXBuildFile; fileRef = E04435AE202E1950001E4545 /* FileManagerProviderTests.swift */; };
		E04435B1202E1D87001E4545 /* DatabaseProviderTests.swift in Sources */ = {isa = PBXBuildFile; fileRef = E04435B0202E1D87001E4545 /* DatabaseProviderTests.swift */; };
		E05CC413202B79880017393C /* DatabaseError.swift in Sources */ = {isa = PBXBuildFile; fileRef = E05CC412202B79880017393C /* DatabaseError.swift */; };
		E05CC415202B810F0017393C /* RealmConfig.swift in Sources */ = {isa = PBXBuildFile; fileRef = E05CC414202B810F0017393C /* RealmConfig.swift */; };
		E05CC419202B89440017393C /* FileManagerError.swift in Sources */ = {isa = PBXBuildFile; fileRef = E05CC418202B89440017393C /* FileManagerError.swift */; };
		E08A199A2028F3B500A4BF3E /* AdPrice.swift in Sources */ = {isa = PBXBuildFile; fileRef = E08A19992028F3B500A4BF3E /* AdPrice.swift */; };
		E08A199C2028F3E000A4BF3E /* AdPhoto.swift in Sources */ = {isa = PBXBuildFile; fileRef = E08A199B2028F3E000A4BF3E /* AdPhoto.swift */; };
		E08A199E2028F47500A4BF3E /* AdsContainer.swift in Sources */ = {isa = PBXBuildFile; fileRef = E08A199D2028F47500A4BF3E /* AdsContainer.swift */; };
		E08A19A02028F49000A4BF3E /* NormalAd.swift in Sources */ = {isa = PBXBuildFile; fileRef = E08A199F2028F49000A4BF3E /* NormalAd.swift */; };
		E08A19A22028F4BD00A4BF3E /* FavouriteAd.swift in Sources */ = {isa = PBXBuildFile; fileRef = E08A19A12028F4BD00A4BF3E /* FavouriteAd.swift */; };
		E08A19A42029074200A4BF3E /* UIButton.swift in Sources */ = {isa = PBXBuildFile; fileRef = E08A19A32029074200A4BF3E /* UIButton.swift */; };
		E0940612202747EB008B5FAB /* Launch Screen.storyboard in Resources */ = {isa = PBXBuildFile; fileRef = E0940611202747EB008B5FAB /* Launch Screen.storyboard */; };
		E09406162027486A008B5FAB /* AdsListViewController.swift in Sources */ = {isa = PBXBuildFile; fileRef = E09406142027486A008B5FAB /* AdsListViewController.swift */; };
		E09406172027486A008B5FAB /* AdsListViewController.xib in Resources */ = {isa = PBXBuildFile; fileRef = E09406152027486A008B5FAB /* AdsListViewController.xib */; };
		E0940619202748A4008B5FAB /* AdsListPresenter.swift in Sources */ = {isa = PBXBuildFile; fileRef = E0940618202748A4008B5FAB /* AdsListPresenter.swift */; };
		E094061B202749FD008B5FAB /* DatabaseProvider.swift in Sources */ = {isa = PBXBuildFile; fileRef = E094061A202749FD008B5FAB /* DatabaseProvider.swift */; };
		E094061D20274A12008B5FAB /* FileManagerProvider.swift in Sources */ = {isa = PBXBuildFile; fileRef = E094061C20274A12008B5FAB /* FileManagerProvider.swift */; };
		E094061F20274A23008B5FAB /* NetworkProvider.swift in Sources */ = {isa = PBXBuildFile; fileRef = E094061E20274A23008B5FAB /* NetworkProvider.swift */; };
		E094062120274A38008B5FAB /* DependencyContainer.swift in Sources */ = {isa = PBXBuildFile; fileRef = E094062020274A38008B5FAB /* DependencyContainer.swift */; };
		E094062720274CDF008B5FAB /* TestData.json in Resources */ = {isa = PBXBuildFile; fileRef = E094062620274CDF008B5FAB /* TestData.json */; };
		E094062A20275047008B5FAB /* GraySwitch.swift in Sources */ = {isa = PBXBuildFile; fileRef = E094062920275047008B5FAB /* GraySwitch.swift */; };
		E094062F202754BE008B5FAB /* AdCell.swift in Sources */ = {isa = PBXBuildFile; fileRef = E094062D202754BE008B5FAB /* AdCell.swift */; };
		E0940630202754BE008B5FAB /* AdCell.xib in Resources */ = {isa = PBXBuildFile; fileRef = E094062E202754BE008B5FAB /* AdCell.xib */; };
		E0940632202754CA008B5FAB /* AdCellPresenter.swift in Sources */ = {isa = PBXBuildFile; fileRef = E0940631202754CA008B5FAB /* AdCellPresenter.swift */; };
		E094063420275A2F008B5FAB /* UICollectionView.swift in Sources */ = {isa = PBXBuildFile; fileRef = E094063320275A2F008B5FAB /* UICollectionView.swift */; };
		E094063620275A61008B5FAB /* Identifiable.swift in Sources */ = {isa = PBXBuildFile; fileRef = E094063520275A61008B5FAB /* Identifiable.swift */; };
		E094063820275A90008B5FAB /* UICollectionViewCell.swift in Sources */ = {isa = PBXBuildFile; fileRef = E094063720275A90008B5FAB /* UICollectionViewCell.swift */; };
		E094063A20275D40008B5FAB /* Roundable.swift in Sources */ = {isa = PBXBuildFile; fileRef = E094063920275D40008B5FAB /* Roundable.swift */; };
		E094064620276B7A008B5FAB /* UIColor.swift in Sources */ = {isa = PBXBuildFile; fileRef = E094064520276B7A008B5FAB /* UIColor.swift */; };
		E0940648202795C4008B5FAB /* AdPhotoImageView.swift in Sources */ = {isa = PBXBuildFile; fileRef = E0940647202795C4008B5FAB /* AdPhotoImageView.swift */; };
		E094064A20279685008B5FAB /* PriceSemiRoundedView.swift in Sources */ = {isa = PBXBuildFile; fileRef = E094064920279685008B5FAB /* PriceSemiRoundedView.swift */; };
		E094064C20279D9E008B5FAB /* HTTPMethod.swift in Sources */ = {isa = PBXBuildFile; fileRef = E094064B20279D9E008B5FAB /* HTTPMethod.swift */; };
		E094064E20279DC4008B5FAB /* FINNAdsAPI.swift in Sources */ = {isa = PBXBuildFile; fileRef = E094064D20279DC4008B5FAB /* FINNAdsAPI.swift */; };
		E094065020279DD8008B5FAB /* API.swift in Sources */ = {isa = PBXBuildFile; fileRef = E094064F20279DD8008B5FAB /* API.swift */; };
		E09406572027A4B4008B5FAB /* Configuration.swift in Sources */ = {isa = PBXBuildFile; fileRef = E09406562027A4B4008B5FAB /* Configuration.swift */; };
		E09406592027A7F8008B5FAB /* FINNImageAPI.swift in Sources */ = {isa = PBXBuildFile; fileRef = E09406582027A7F8008B5FAB /* FINNImageAPI.swift */; };
		E094065D2027AA6B008B5FAB /* URLSessionProtocol.swift in Sources */ = {isa = PBXBuildFile; fileRef = E094065C2027AA6B008B5FAB /* URLSessionProtocol.swift */; };
		E094065F2027AA8F008B5FAB /* URLSession.swift in Sources */ = {isa = PBXBuildFile; fileRef = E094065E2027AA8F008B5FAB /* URLSession.swift */; };
		E0C82DE9202F006200ED7513 /* MockURLSession.swift in Sources */ = {isa = PBXBuildFile; fileRef = E0C82DE8202F006200ED7513 /* MockURLSession.swift */; };
		E0C82DEB202F009D00ED7513 /* MockURLSessionDataTask.swift in Sources */ = {isa = PBXBuildFile; fileRef = E0C82DEA202F009D00ED7513 /* MockURLSessionDataTask.swift */; };
		E0C82DEF202F011100ED7513 /* NetworkProviderTests.swift in Sources */ = {isa = PBXBuildFile; fileRef = E0C82DEE202F011100ED7513 /* NetworkProviderTests.swift */; };
		E0C82DF1202F198300ED7513 /* RequestBuilder.swift in Sources */ = {isa = PBXBuildFile; fileRef = E0C82DF0202F198300ED7513 /* RequestBuilder.swift */; };
		E0C82DF3202F205200ED7513 /* RequestBuilderTests.swift in Sources */ = {isa = PBXBuildFile; fileRef = E0C82DF2202F205200ED7513 /* RequestBuilderTests.swift */; };
		E0C82DF5202F235600ED7513 /* MockAdCellPresenter.swift in Sources */ = {isa = PBXBuildFile; fileRef = E0C82DF4202F235600ED7513 /* MockAdCellPresenter.swift */; };
		E0C82DF7202F240900ED7513 /* AdCellTests.swift in Sources */ = {isa = PBXBuildFile; fileRef = E0C82DF6202F240900ED7513 /* AdCellTests.swift */; };
		E0CA61D7202F65DE0078D4A2 /* AdCellPresenterTests.swift in Sources */ = {isa = PBXBuildFile; fileRef = E0CA61D6202F65DE0078D4A2 /* AdCellPresenterTests.swift */; };
		E0CA61D9202F66440078D4A2 /* MockNetworkProvider.swift in Sources */ = {isa = PBXBuildFile; fileRef = E0CA61D8202F66440078D4A2 /* MockNetworkProvider.swift */; };
		E0CA61DB202F67F70078D4A2 /* MockCacheProvider.swift in Sources */ = {isa = PBXBuildFile; fileRef = E0CA61DA202F67F70078D4A2 /* MockCacheProvider.swift */; };
		E0DAE16B203058E200CB8593 /* MockCollectionView.swift in Sources */ = {isa = PBXBuildFile; fileRef = E0DAE16A203058E200CB8593 /* MockCollectionView.swift */; };
/* End PBXBuildFile section */

/* Begin PBXContainerItemProxy section */
		E01FD8C72027434600152D02 /* PBXContainerItemProxy */ = {
			isa = PBXContainerItemProxy;
			containerPortal = E01FD8AA2027434600152D02 /* Project object */;
			proxyType = 1;
			remoteGlobalIDString = E01FD8B12027434600152D02;
			remoteInfo = FINN;
		};
/* End PBXContainerItemProxy section */

/* Begin PBXFileReference section */
		25B32E4C856A37E16CF0A716 /* Pods_FINN.framework */ = {isa = PBXFileReference; explicitFileType = wrapper.framework; includeInIndex = 0; path = Pods_FINN.framework; sourceTree = BUILT_PRODUCTS_DIR; };
		4E98F338D030E60922FB3656 /* Pods-FINN.release.xcconfig */ = {isa = PBXFileReference; includeInIndex = 1; lastKnownFileType = text.xcconfig; name = "Pods-FINN.release.xcconfig"; path = "Pods/Target Support Files/Pods-FINN/Pods-FINN.release.xcconfig"; sourceTree = "<group>"; };
		716145DE72AC6FEE3C342F2A /* Pods-FINNTests.release.xcconfig */ = {isa = PBXFileReference; includeInIndex = 1; lastKnownFileType = text.xcconfig; name = "Pods-FINNTests.release.xcconfig"; path = "Pods/Target Support Files/Pods-FINNTests/Pods-FINNTests.release.xcconfig"; sourceTree = "<group>"; };
		725074B9036A79E8FE78DDC1 /* Pods_FINNTests.framework */ = {isa = PBXFileReference; explicitFileType = wrapper.framework; includeInIndex = 0; path = Pods_FINNTests.framework; sourceTree = BUILT_PRODUCTS_DIR; };
		CB1AC1642FE9FB4FAC6EAC02 /* Pods-FINN.debug.xcconfig */ = {isa = PBXFileReference; includeInIndex = 1; lastKnownFileType = text.xcconfig; name = "Pods-FINN.debug.xcconfig"; path = "Pods/Target Support Files/Pods-FINN/Pods-FINN.debug.xcconfig"; sourceTree = "<group>"; };
		D2A77AAFD99ABFCF2DF9DE2E /* Pods-FINNTests.debug.xcconfig */ = {isa = PBXFileReference; includeInIndex = 1; lastKnownFileType = text.xcconfig; name = "Pods-FINNTests.debug.xcconfig"; path = "Pods/Target Support Files/Pods-FINNTests/Pods-FINNTests.debug.xcconfig"; sourceTree = "<group>"; };
		E005A95D202FA302004FEF0B /* AdsListViewControllerTests.swift */ = {isa = PBXFileReference; lastKnownFileType = sourcecode.swift; path = AdsListViewControllerTests.swift; sourceTree = "<group>"; };
		E005A95F202FA45E004FEF0B /* MockAdsListPresenter.swift */ = {isa = PBXFileReference; lastKnownFileType = sourcecode.swift; path = MockAdsListPresenter.swift; sourceTree = "<group>"; };
		E01FD8B22027434600152D02 /* FINN.app */ = {isa = PBXFileReference; explicitFileType = wrapper.application; includeInIndex = 0; path = FINN.app; sourceTree = BUILT_PRODUCTS_DIR; };
		E01FD8B52027434600152D02 /* AppDelegate.swift */ = {isa = PBXFileReference; lastKnownFileType = sourcecode.swift; path = AppDelegate.swift; sourceTree = "<group>"; };
		E01FD8BC2027434600152D02 /* Assets.xcassets */ = {isa = PBXFileReference; lastKnownFileType = folder.assetcatalog; path = Assets.xcassets; sourceTree = "<group>"; };
		E01FD8C12027434600152D02 /* Info.plist */ = {isa = PBXFileReference; lastKnownFileType = text.plist.xml; path = Info.plist; sourceTree = "<group>"; };
		E01FD8C62027434600152D02 /* FINNTests.xctest */ = {isa = PBXFileReference; explicitFileType = wrapper.cfbundle; includeInIndex = 0; path = FINNTests.xctest; sourceTree = BUILT_PRODUCTS_DIR; };
		E01FD8CC2027434600152D02 /* Info.plist */ = {isa = PBXFileReference; lastKnownFileType = text.plist.xml; path = Info.plist; sourceTree = "<group>"; };
		E02A8B00202A33E9007C2C11 /* CacheProvider.swift */ = {isa = PBXFileReference; lastKnownFileType = sourcecode.swift; path = CacheProvider.swift; sourceTree = "<group>"; };
		E02A8B02202A6234007C2C11 /* LoadingView.swift */ = {isa = PBXFileReference; lastKnownFileType = sourcecode.swift; path = LoadingView.swift; sourceTree = "<group>"; };
		E033115C2027ABB300903318 /* Result.swift */ = {isa = PBXFileReference; lastKnownFileType = sourcecode.swift; path = Result.swift; sourceTree = "<group>"; };
		E033115E2027ABBE00903318 /* NetworkError.swift */ = {isa = PBXFileReference; lastKnownFileType = sourcecode.swift; path = NetworkError.swift; sourceTree = "<group>"; };
		E0443595202CDB74001E4545 /* Alertable.swift */ = {isa = PBXFileReference; lastKnownFileType = sourcecode.swift; path = Alertable.swift; sourceTree = "<group>"; };
		E0443597202CDD34001E4545 /* Error.swift */ = {isa = PBXFileReference; lastKnownFileType = sourcecode.swift; path = Error.swift; sourceTree = "<group>"; };
		E044359A202CE3C5001E4545 /* AdPriceTests.swift */ = {isa = PBXFileReference; lastKnownFileType = sourcecode.swift; path = AdPriceTests.swift; sourceTree = "<group>"; };
		E044359C202CE4F3001E4545 /* AdPhoto.json */ = {isa = PBXFileReference; fileEncoding = 4; lastKnownFileType = text.json; path = AdPhoto.json; sourceTree = "<group>"; };
		E044359D202CE4F4001E4545 /* AdPrice.json */ = {isa = PBXFileReference; fileEncoding = 4; lastKnownFileType = text.json; path = AdPrice.json; sourceTree = "<group>"; };
		E04435A0202CE5C8001E4545 /* AdPhotoTests.swift */ = {isa = PBXFileReference; lastKnownFileType = sourcecode.swift; path = AdPhotoTests.swift; sourceTree = "<group>"; };
		E04435A2202CE64E001E4545 /* NormalAdTests.swift */ = {isa = PBXFileReference; lastKnownFileType = sourcecode.swift; path = NormalAdTests.swift; sourceTree = "<group>"; };
		E04435A4202CE682001E4545 /* NormalAd.json */ = {isa = PBXFileReference; fileEncoding = 4; lastKnownFileType = text.json; path = NormalAd.json; sourceTree = "<group>"; };
		E04435A6202CE964001E4545 /* AdsContainerTests.swift */ = {isa = PBXFileReference; lastKnownFileType = sourcecode.swift; path = AdsContainerTests.swift; sourceTree = "<group>"; };
		E04435A8202CEAA6001E4545 /* FavouriteAdTests.swift */ = {isa = PBXFileReference; lastKnownFileType = sourcecode.swift; path = FavouriteAdTests.swift; sourceTree = "<group>"; };
		E04435AC202E1599001E4545 /* CacheProviderTests.swift */ = {isa = PBXFileReference; lastKnownFileType = sourcecode.swift; path = CacheProviderTests.swift; sourceTree = "<group>"; };
		E04435AE202E1950001E4545 /* FileManagerProviderTests.swift */ = {isa = PBXFileReference; lastKnownFileType = sourcecode.swift; path = FileManagerProviderTests.swift; sourceTree = "<group>"; };
		E04435B0202E1D87001E4545 /* DatabaseProviderTests.swift */ = {isa = PBXFileReference; lastKnownFileType = sourcecode.swift; path = DatabaseProviderTests.swift; sourceTree = "<group>"; };
		E05CC412202B79880017393C /* DatabaseError.swift */ = {isa = PBXFileReference; lastKnownFileType = sourcecode.swift; path = DatabaseError.swift; sourceTree = "<group>"; };
		E05CC414202B810F0017393C /* RealmConfig.swift */ = {isa = PBXFileReference; lastKnownFileType = sourcecode.swift; path = RealmConfig.swift; sourceTree = "<group>"; };
		E05CC418202B89440017393C /* FileManagerError.swift */ = {isa = PBXFileReference; lastKnownFileType = sourcecode.swift; path = FileManagerError.swift; sourceTree = "<group>"; };
		E08A19992028F3B500A4BF3E /* AdPrice.swift */ = {isa = PBXFileReference; lastKnownFileType = sourcecode.swift; path = AdPrice.swift; sourceTree = "<group>"; };
		E08A199B2028F3E000A4BF3E /* AdPhoto.swift */ = {isa = PBXFileReference; lastKnownFileType = sourcecode.swift; path = AdPhoto.swift; sourceTree = "<group>"; };
		E08A199D2028F47500A4BF3E /* AdsContainer.swift */ = {isa = PBXFileReference; lastKnownFileType = sourcecode.swift; path = AdsContainer.swift; sourceTree = "<group>"; };
		E08A199F2028F49000A4BF3E /* NormalAd.swift */ = {isa = PBXFileReference; lastKnownFileType = sourcecode.swift; path = NormalAd.swift; sourceTree = "<group>"; };
		E08A19A12028F4BD00A4BF3E /* FavouriteAd.swift */ = {isa = PBXFileReference; lastKnownFileType = sourcecode.swift; path = FavouriteAd.swift; sourceTree = "<group>"; };
		E08A19A32029074200A4BF3E /* UIButton.swift */ = {isa = PBXFileReference; lastKnownFileType = sourcecode.swift; path = UIButton.swift; sourceTree = "<group>"; };
		E0940611202747EB008B5FAB /* Launch Screen.storyboard */ = {isa = PBXFileReference; lastKnownFileType = file.storyboard; path = "Launch Screen.storyboard"; sourceTree = "<group>"; };
		E09406142027486A008B5FAB /* AdsListViewController.swift */ = {isa = PBXFileReference; lastKnownFileType = sourcecode.swift; path = AdsListViewController.swift; sourceTree = "<group>"; };
		E09406152027486A008B5FAB /* AdsListViewController.xib */ = {isa = PBXFileReference; lastKnownFileType = file.xib; path = AdsListViewController.xib; sourceTree = "<group>"; };
		E0940618202748A4008B5FAB /* AdsListPresenter.swift */ = {isa = PBXFileReference; lastKnownFileType = sourcecode.swift; path = AdsListPresenter.swift; sourceTree = "<group>"; };
		E094061A202749FD008B5FAB /* DatabaseProvider.swift */ = {isa = PBXFileReference; lastKnownFileType = sourcecode.swift; path = DatabaseProvider.swift; sourceTree = "<group>"; };
		E094061C20274A12008B5FAB /* FileManagerProvider.swift */ = {isa = PBXFileReference; lastKnownFileType = sourcecode.swift; path = FileManagerProvider.swift; sourceTree = "<group>"; };
		E094061E20274A23008B5FAB /* NetworkProvider.swift */ = {isa = PBXFileReference; lastKnownFileType = sourcecode.swift; path = NetworkProvider.swift; sourceTree = "<group>"; };
		E094062020274A38008B5FAB /* DependencyContainer.swift */ = {isa = PBXFileReference; lastKnownFileType = sourcecode.swift; path = DependencyContainer.swift; sourceTree = "<group>"; };
		E094062620274CDF008B5FAB /* TestData.json */ = {isa = PBXFileReference; fileEncoding = 4; lastKnownFileType = text.json; path = TestData.json; sourceTree = "<group>"; };
		E094062920275047008B5FAB /* GraySwitch.swift */ = {isa = PBXFileReference; lastKnownFileType = sourcecode.swift; path = GraySwitch.swift; sourceTree = "<group>"; };
		E094062D202754BE008B5FAB /* AdCell.swift */ = {isa = PBXFileReference; lastKnownFileType = sourcecode.swift; path = AdCell.swift; sourceTree = "<group>"; };
		E094062E202754BE008B5FAB /* AdCell.xib */ = {isa = PBXFileReference; lastKnownFileType = file.xib; path = AdCell.xib; sourceTree = "<group>"; };
		E0940631202754CA008B5FAB /* AdCellPresenter.swift */ = {isa = PBXFileReference; lastKnownFileType = sourcecode.swift; path = AdCellPresenter.swift; sourceTree = "<group>"; };
		E094063320275A2F008B5FAB /* UICollectionView.swift */ = {isa = PBXFileReference; lastKnownFileType = sourcecode.swift; path = UICollectionView.swift; sourceTree = "<group>"; };
		E094063520275A61008B5FAB /* Identifiable.swift */ = {isa = PBXFileReference; lastKnownFileType = sourcecode.swift; path = Identifiable.swift; sourceTree = "<group>"; };
		E094063720275A90008B5FAB /* UICollectionViewCell.swift */ = {isa = PBXFileReference; lastKnownFileType = sourcecode.swift; path = UICollectionViewCell.swift; sourceTree = "<group>"; };
		E094063920275D40008B5FAB /* Roundable.swift */ = {isa = PBXFileReference; lastKnownFileType = sourcecode.swift; path = Roundable.swift; sourceTree = "<group>"; };
		E094064520276B7A008B5FAB /* UIColor.swift */ = {isa = PBXFileReference; lastKnownFileType = sourcecode.swift; path = UIColor.swift; sourceTree = "<group>"; };
		E0940647202795C4008B5FAB /* AdPhotoImageView.swift */ = {isa = PBXFileReference; lastKnownFileType = sourcecode.swift; path = AdPhotoImageView.swift; sourceTree = "<group>"; };
		E094064920279685008B5FAB /* PriceSemiRoundedView.swift */ = {isa = PBXFileReference; lastKnownFileType = sourcecode.swift; path = PriceSemiRoundedView.swift; sourceTree = "<group>"; };
		E094064B20279D9E008B5FAB /* HTTPMethod.swift */ = {isa = PBXFileReference; lastKnownFileType = sourcecode.swift; path = HTTPMethod.swift; sourceTree = "<group>"; };
		E094064D20279DC4008B5FAB /* FINNAdsAPI.swift */ = {isa = PBXFileReference; lastKnownFileType = sourcecode.swift; path = FINNAdsAPI.swift; sourceTree = "<group>"; };
		E094064F20279DD8008B5FAB /* API.swift */ = {isa = PBXFileReference; lastKnownFileType = sourcecode.swift; path = API.swift; sourceTree = "<group>"; };
		E094065120279EB5008B5FAB /* base.xcconfig */ = {isa = PBXFileReference; lastKnownFileType = text.xcconfig; path = base.xcconfig; sourceTree = "<group>"; };
		E094065220279F02008B5FAB /* debug.tests.xcconfig */ = {isa = PBXFileReference; lastKnownFileType = text.xcconfig; path = debug.tests.xcconfig; sourceTree = "<group>"; };
		E094065320279F12008B5FAB /* release.tests.xcconfig */ = {isa = PBXFileReference; lastKnownFileType = text.xcconfig; path = release.tests.xcconfig; sourceTree = "<group>"; };
		E094065420279F1B008B5FAB /* debug.xcconfig */ = {isa = PBXFileReference; lastKnownFileType = text.xcconfig; path = debug.xcconfig; sourceTree = "<group>"; };
		E094065520279F24008B5FAB /* release.xcconfig */ = {isa = PBXFileReference; lastKnownFileType = text.xcconfig; path = release.xcconfig; sourceTree = "<group>"; };
		E09406562027A4B4008B5FAB /* Configuration.swift */ = {isa = PBXFileReference; lastKnownFileType = sourcecode.swift; path = Configuration.swift; sourceTree = "<group>"; };
		E09406582027A7F8008B5FAB /* FINNImageAPI.swift */ = {isa = PBXFileReference; lastKnownFileType = sourcecode.swift; path = FINNImageAPI.swift; sourceTree = "<group>"; };
		E094065C2027AA6B008B5FAB /* URLSessionProtocol.swift */ = {isa = PBXFileReference; lastKnownFileType = sourcecode.swift; path = URLSessionProtocol.swift; sourceTree = "<group>"; };
		E094065E2027AA8F008B5FAB /* URLSession.swift */ = {isa = PBXFileReference; lastKnownFileType = sourcecode.swift; path = URLSession.swift; sourceTree = "<group>"; };
		E0C82DE8202F006200ED7513 /* MockURLSession.swift */ = {isa = PBXFileReference; lastKnownFileType = sourcecode.swift; path = MockURLSession.swift; sourceTree = "<group>"; };
		E0C82DEA202F009D00ED7513 /* MockURLSessionDataTask.swift */ = {isa = PBXFileReference; lastKnownFileType = sourcecode.swift; path = MockURLSessionDataTask.swift; sourceTree = "<group>"; };
		E0C82DEE202F011100ED7513 /* NetworkProviderTests.swift */ = {isa = PBXFileReference; lastKnownFileType = sourcecode.swift; path = NetworkProviderTests.swift; sourceTree = "<group>"; };
		E0C82DF0202F198300ED7513 /* RequestBuilder.swift */ = {isa = PBXFileReference; lastKnownFileType = sourcecode.swift; path = RequestBuilder.swift; sourceTree = "<group>"; };
		E0C82DF2202F205200ED7513 /* RequestBuilderTests.swift */ = {isa = PBXFileReference; lastKnownFileType = sourcecode.swift; path = RequestBuilderTests.swift; sourceTree = "<group>"; };
		E0C82DF4202F235600ED7513 /* MockAdCellPresenter.swift */ = {isa = PBXFileReference; lastKnownFileType = sourcecode.swift; path = MockAdCellPresenter.swift; sourceTree = "<group>"; };
		E0C82DF6202F240900ED7513 /* AdCellTests.swift */ = {isa = PBXFileReference; lastKnownFileType = sourcecode.swift; path = AdCellTests.swift; sourceTree = "<group>"; };
		E0CA61D6202F65DE0078D4A2 /* AdCellPresenterTests.swift */ = {isa = PBXFileReference; lastKnownFileType = sourcecode.swift; path = AdCellPresenterTests.swift; sourceTree = "<group>"; };
		E0CA61D8202F66440078D4A2 /* MockNetworkProvider.swift */ = {isa = PBXFileReference; lastKnownFileType = sourcecode.swift; path = MockNetworkProvider.swift; sourceTree = "<group>"; };
		E0CA61DA202F67F70078D4A2 /* MockCacheProvider.swift */ = {isa = PBXFileReference; lastKnownFileType = sourcecode.swift; path = MockCacheProvider.swift; sourceTree = "<group>"; };
		E0DAE16A203058E200CB8593 /* MockCollectionView.swift */ = {isa = PBXFileReference; lastKnownFileType = sourcecode.swift; path = MockCollectionView.swift; sourceTree = "<group>"; };
/* End PBXFileReference section */

/* Begin PBXFrameworksBuildPhase section */
		E01FD8AF2027434600152D02 /* Frameworks */ = {
			isa = PBXFrameworksBuildPhase;
			buildActionMask = 2147483647;
			files = (
				1EEB09CE2DAB503FF5B17C5E /* Pods_FINN.framework in Frameworks */,
			);
			runOnlyForDeploymentPostprocessing = 0;
		};
		E01FD8C32027434600152D02 /* Frameworks */ = {
			isa = PBXFrameworksBuildPhase;
			buildActionMask = 2147483647;
			files = (
				46A1BB6B2193CC51EA3BA665 /* Pods_FINNTests.framework in Frameworks */,
			);
			runOnlyForDeploymentPostprocessing = 0;
		};
/* End PBXFrameworksBuildPhase section */

/* Begin PBXGroup section */
		8CECD94CAAFB19D2923F7874 /* Pods */ = {
			isa = PBXGroup;
			children = (
				CB1AC1642FE9FB4FAC6EAC02 /* Pods-FINN.debug.xcconfig */,
				4E98F338D030E60922FB3656 /* Pods-FINN.release.xcconfig */,
				D2A77AAFD99ABFCF2DF9DE2E /* Pods-FINNTests.debug.xcconfig */,
				716145DE72AC6FEE3C342F2A /* Pods-FINNTests.release.xcconfig */,
			);
			name = Pods;
			sourceTree = "<group>";
		};
		A8A32C29467385F36B8187A5 /* Frameworks */ = {
			isa = PBXGroup;
			children = (
				25B32E4C856A37E16CF0A716 /* Pods_FINN.framework */,
				725074B9036A79E8FE78DDC1 /* Pods_FINNTests.framework */,
			);
			name = Frameworks;
			sourceTree = "<group>";
		};
		E01FD8A92027434600152D02 = {
			isa = PBXGroup;
			children = (
				E01FD8B42027434600152D02 /* FINN */,
				E01FD8C92027434600152D02 /* FINNTests */,
				E01FD8B32027434600152D02 /* Products */,
				8CECD94CAAFB19D2923F7874 /* Pods */,
				A8A32C29467385F36B8187A5 /* Frameworks */,
			);
			sourceTree = "<group>";
		};
		E01FD8B32027434600152D02 /* Products */ = {
			isa = PBXGroup;
			children = (
				E01FD8B22027434600152D02 /* FINN.app */,
				E01FD8C62027434600152D02 /* FINNTests.xctest */,
			);
			name = Products;
			sourceTree = "<group>";
		};
		E01FD8B42027434600152D02 /* FINN */ = {
			isa = PBXGroup;
			children = (
				E09406282027502F008B5FAB /* Custom UI */,
				E0940610202747B8008B5FAB /* Application */,
				E094060F202747A2008B5FAB /* Enums */,
				E094060E20274795008B5FAB /* Configurations */,
				E094060D2027478B008B5FAB /* Protocols */,
				E094060C20274787008B5FAB /* Extensions */,
				E094060B2027477D008B5FAB /* Managers */,
				E094060A20274778008B5FAB /* Models */,
				E094060920274770008B5FAB /* Supporting Files */,
			);
			path = FINN;
			sourceTree = "<group>";
		};
		E01FD8C92027434600152D02 /* FINNTests */ = {
			isa = PBXGroup;
			children = (
				E094062320274CAD008B5FAB /* Mocks */,
				E094062520274CBB008B5FAB /* Test Cases */,
				E094062420274CB4008B5FAB /* Supporting Files */,
			);
			path = FINNTests;
			sourceTree = "<group>";
		};
		E0443599202CE367001E4545 /* Models */ = {
			isa = PBXGroup;
			children = (
				E044359A202CE3C5001E4545 /* AdPriceTests.swift */,
				E04435A0202CE5C8001E4545 /* AdPhotoTests.swift */,
				E04435A2202CE64E001E4545 /* NormalAdTests.swift */,
				E04435A6202CE964001E4545 /* AdsContainerTests.swift */,
				E04435A8202CEAA6001E4545 /* FavouriteAdTests.swift */,
			);
			path = Models;
			sourceTree = "<group>";
		};
		E04435AA202E157A001E4545 /* Managers */ = {
			isa = PBXGroup;
			children = (
				E04435AC202E1599001E4545 /* CacheProviderTests.swift */,
				E04435AE202E1950001E4545 /* FileManagerProviderTests.swift */,
				E04435B0202E1D87001E4545 /* DatabaseProviderTests.swift */,
				E0C82DEE202F011100ED7513 /* NetworkProviderTests.swift */,
				E0C82DF2202F205200ED7513 /* RequestBuilderTests.swift */,
			);
			path = Managers;
			sourceTree = "<group>";
		};
		E04435AB202E1582001E4545 /* Application */ = {
			isa = PBXGroup;
			children = (
				E0C82DF6202F240900ED7513 /* AdCellTests.swift */,
				E0CA61D6202F65DE0078D4A2 /* AdCellPresenterTests.swift */,
				E005A95D202FA302004FEF0B /* AdsListViewControllerTests.swift */,
			);
			path = Application;
			sourceTree = "<group>";
		};
		E05CC416202B83EF0017393C /* Database */ = {
			isa = PBXGroup;
			children = (
				E094061A202749FD008B5FAB /* DatabaseProvider.swift */,
				E05CC414202B810F0017393C /* RealmConfig.swift */,
			);
			path = Database;
			sourceTree = "<group>";
		};
		E05CC417202B84590017393C /* Errors */ = {
			isa = PBXGroup;
			children = (
				E033115E2027ABBE00903318 /* NetworkError.swift */,
				E05CC412202B79880017393C /* DatabaseError.swift */,
				E05CC418202B89440017393C /* FileManagerError.swift */,
			);
			path = Errors;
			sourceTree = "<group>";
		};
		E094060920274770008B5FAB /* Supporting Files */ = {
			isa = PBXGroup;
			children = (
				E01FD8C12027434600152D02 /* Info.plist */,
				E01FD8BC2027434600152D02 /* Assets.xcassets */,
				E0940611202747EB008B5FAB /* Launch Screen.storyboard */,
			);
			path = "Supporting Files";
			sourceTree = "<group>";
		};
		E094060A20274778008B5FAB /* Models */ = {
			isa = PBXGroup;
			children = (
				E094062020274A38008B5FAB /* DependencyContainer.swift */,
				E08A19992028F3B500A4BF3E /* AdPrice.swift */,
				E08A199B2028F3E000A4BF3E /* AdPhoto.swift */,
				E08A199D2028F47500A4BF3E /* AdsContainer.swift */,
				E08A199F2028F49000A4BF3E /* NormalAd.swift */,
				E08A19A12028F4BD00A4BF3E /* FavouriteAd.swift */,
			);
			path = Models;
			sourceTree = "<group>";
		};
		E094060B2027477D008B5FAB /* Managers */ = {
			isa = PBXGroup;
			children = (
				E05CC416202B83EF0017393C /* Database */,
				E094065A2027A7FD008B5FAB /* Network */,
				E094061C20274A12008B5FAB /* FileManagerProvider.swift */,
				E02A8B00202A33E9007C2C11 /* CacheProvider.swift */,
			);
			path = Managers;
			sourceTree = "<group>";
		};
		E094060C20274787008B5FAB /* Extensions */ = {
			isa = PBXGroup;
			children = (
				E094063320275A2F008B5FAB /* UICollectionView.swift */,
				E094063720275A90008B5FAB /* UICollectionViewCell.swift */,
				E094064520276B7A008B5FAB /* UIColor.swift */,
				E094065E2027AA8F008B5FAB /* URLSession.swift */,
				E08A19A32029074200A4BF3E /* UIButton.swift */,
				E0443597202CDD34001E4545 /* Error.swift */,
			);
			path = Extensions;
			sourceTree = "<group>";
		};
		E094060D2027478B008B5FAB /* Protocols */ = {
			isa = PBXGroup;
			children = (
				E094063520275A61008B5FAB /* Identifiable.swift */,
				E094063920275D40008B5FAB /* Roundable.swift */,
				E094064F20279DD8008B5FAB /* API.swift */,
				E094065C2027AA6B008B5FAB /* URLSessionProtocol.swift */,
				E0443595202CDB74001E4545 /* Alertable.swift */,
			);
			path = Protocols;
			sourceTree = "<group>";
		};
		E094060E20274795008B5FAB /* Configurations */ = {
			isa = PBXGroup;
			children = (
				E09406562027A4B4008B5FAB /* Configuration.swift */,
				E094065120279EB5008B5FAB /* base.xcconfig */,
				E094065220279F02008B5FAB /* debug.tests.xcconfig */,
				E094065320279F12008B5FAB /* release.tests.xcconfig */,
				E094065420279F1B008B5FAB /* debug.xcconfig */,
				E094065520279F24008B5FAB /* release.xcconfig */,
			);
			path = Configurations;
			sourceTree = "<group>";
		};
		E094060F202747A2008B5FAB /* Enums */ = {
			isa = PBXGroup;
			children = (
				E05CC417202B84590017393C /* Errors */,
				E094064B20279D9E008B5FAB /* HTTPMethod.swift */,
				E033115C2027ABB300903318 /* Result.swift */,
			);
			path = Enums;
			sourceTree = "<group>";
		};
		E0940610202747B8008B5FAB /* Application */ = {
			isa = PBXGroup;
			children = (
				E01FD8B52027434600152D02 /* AppDelegate.swift */,
				E09406132027484D008B5FAB /* AdsList */,
			);
			path = Application;
			sourceTree = "<group>";
		};
		E09406132027484D008B5FAB /* AdsList */ = {
			isa = PBXGroup;
			children = (
				E094062C202754A3008B5FAB /* Cells */,
				E09406142027486A008B5FAB /* AdsListViewController.swift */,
				E09406152027486A008B5FAB /* AdsListViewController.xib */,
				E0940618202748A4008B5FAB /* AdsListPresenter.swift */,
			);
			path = AdsList;
			sourceTree = "<group>";
		};
		E094062320274CAD008B5FAB /* Mocks */ = {
			isa = PBXGroup;
			children = (
				E0C82DE8202F006200ED7513 /* MockURLSession.swift */,
				E0C82DEA202F009D00ED7513 /* MockURLSessionDataTask.swift */,
				E0C82DF4202F235600ED7513 /* MockAdCellPresenter.swift */,
				E0CA61D8202F66440078D4A2 /* MockNetworkProvider.swift */,
				E0CA61DA202F67F70078D4A2 /* MockCacheProvider.swift */,
				E005A95F202FA45E004FEF0B /* MockAdsListPresenter.swift */,
				E0DAE16A203058E200CB8593 /* MockCollectionView.swift */,
			);
			path = Mocks;
			sourceTree = "<group>";
		};
		E094062420274CB4008B5FAB /* Supporting Files */ = {
			isa = PBXGroup;
			children = (
				E094062620274CDF008B5FAB /* TestData.json */,
				E04435A4202CE682001E4545 /* NormalAd.json */,
				E044359C202CE4F3001E4545 /* AdPhoto.json */,
				E044359D202CE4F4001E4545 /* AdPrice.json */,
				E01FD8CC2027434600152D02 /* Info.plist */,
			);
			path = "Supporting Files";
			sourceTree = "<group>";
		};
		E094062520274CBB008B5FAB /* Test Cases */ = {
			isa = PBXGroup;
			children = (
				E04435AB202E1582001E4545 /* Application */,
				E04435AA202E157A001E4545 /* Managers */,
				E0443599202CE367001E4545 /* Models */,
			);
			path = "Test Cases";
			sourceTree = "<group>";
		};
		E09406282027502F008B5FAB /* Custom UI */ = {
			isa = PBXGroup;
			children = (
				E094062920275047008B5FAB /* GraySwitch.swift */,
				E0940647202795C4008B5FAB /* AdPhotoImageView.swift */,
				E094064920279685008B5FAB /* PriceSemiRoundedView.swift */,
				E02A8B02202A6234007C2C11 /* LoadingView.swift */,
			);
			path = "Custom UI";
			sourceTree = "<group>";
		};
		E094062C202754A3008B5FAB /* Cells */ = {
			isa = PBXGroup;
			children = (
				E094062D202754BE008B5FAB /* AdCell.swift */,
				E094062E202754BE008B5FAB /* AdCell.xib */,
				E0940631202754CA008B5FAB /* AdCellPresenter.swift */,
			);
			path = Cells;
			sourceTree = "<group>";
		};
		E094065A2027A7FD008B5FAB /* Network */ = {
			isa = PBXGroup;
			children = (
				E094065B2027A802008B5FAB /* APIs */,
				E094061E20274A23008B5FAB /* NetworkProvider.swift */,
				E0C82DF0202F198300ED7513 /* RequestBuilder.swift */,
			);
			path = Network;
			sourceTree = "<group>";
		};
		E094065B2027A802008B5FAB /* APIs */ = {
			isa = PBXGroup;
			children = (
				E094064D20279DC4008B5FAB /* FINNAdsAPI.swift */,
				E09406582027A7F8008B5FAB /* FINNImageAPI.swift */,
			);
			path = APIs;
			sourceTree = "<group>";
		};
/* End PBXGroup section */

/* Begin PBXNativeTarget section */
		E01FD8B12027434600152D02 /* FINN */ = {
			isa = PBXNativeTarget;
			buildConfigurationList = E01FD8CF2027434600152D02 /* Build configuration list for PBXNativeTarget "FINN" */;
			buildPhases = (
				D17B5C2ECD3650A9E702C956 /* [CP] Check Pods Manifest.lock */,
				E01FD8AE2027434600152D02 /* Sources */,
				E01FD8AF2027434600152D02 /* Frameworks */,
				E01FD8B02027434600152D02 /* Resources */,
				D62B6E051D07748B53006587 /* [CP] Embed Pods Frameworks */,
				A22895D889ABEF58DEC2A7FD /* [CP] Copy Pods Resources */,
				E094062220274B48008B5FAB /* ShellScript */,
			);
			buildRules = (
			);
			dependencies = (
			);
			name = FINN;
			productName = FINN;
			productReference = E01FD8B22027434600152D02 /* FINN.app */;
			productType = "com.apple.product-type.application";
		};
		E01FD8C52027434600152D02 /* FINNTests */ = {
			isa = PBXNativeTarget;
			buildConfigurationList = E01FD8D22027434600152D02 /* Build configuration list for PBXNativeTarget "FINNTests" */;
			buildPhases = (
				D7EA3912D42AFB9FB41B74CC /* [CP] Check Pods Manifest.lock */,
				E01FD8C22027434600152D02 /* Sources */,
				E01FD8C32027434600152D02 /* Frameworks */,
				E01FD8C42027434600152D02 /* Resources */,
				095ECB5D3C31729892A3C7C5 /* [CP] Embed Pods Frameworks */,
				58D94C837F0B5582FFE5C6B9 /* [CP] Copy Pods Resources */,
			);
			buildRules = (
			);
			dependencies = (
				E01FD8C82027434600152D02 /* PBXTargetDependency */,
			);
			name = FINNTests;
			productName = FINNTests;
			productReference = E01FD8C62027434600152D02 /* FINNTests.xctest */;
			productType = "com.apple.product-type.bundle.unit-test";
		};
/* End PBXNativeTarget section */

/* Begin PBXProject section */
		E01FD8AA2027434600152D02 /* Project object */ = {
			isa = PBXProject;
			attributes = {
				LastSwiftUpdateCheck = 0920;
				LastUpgradeCheck = 0920;
				ORGANIZATIONNAME = "Amadeu Andrade";
				TargetAttributes = {
					E01FD8B12027434600152D02 = {
						CreatedOnToolsVersion = 9.2;
						ProvisioningStyle = Automatic;
					};
					E01FD8C52027434600152D02 = {
						CreatedOnToolsVersion = 9.2;
						LastSwiftMigration = 0920;
						ProvisioningStyle = Automatic;
						TestTargetID = E01FD8B12027434600152D02;
					};
				};
			};
			buildConfigurationList = E01FD8AD2027434600152D02 /* Build configuration list for PBXProject "FINN" */;
			compatibilityVersion = "Xcode 8.0";
			developmentRegion = en;
			hasScannedForEncodings = 0;
			knownRegions = (
				en,
				Base,
			);
			mainGroup = E01FD8A92027434600152D02;
			productRefGroup = E01FD8B32027434600152D02 /* Products */;
			projectDirPath = "";
			projectRoot = "";
			targets = (
				E01FD8B12027434600152D02 /* FINN */,
				E01FD8C52027434600152D02 /* FINNTests */,
			);
		};
/* End PBXProject section */

/* Begin PBXResourcesBuildPhase section */
		E01FD8B02027434600152D02 /* Resources */ = {
			isa = PBXResourcesBuildPhase;
			buildActionMask = 2147483647;
			files = (
				E0940630202754BE008B5FAB /* AdCell.xib in Resources */,
				E09406172027486A008B5FAB /* AdsListViewController.xib in Resources */,
				E0940612202747EB008B5FAB /* Launch Screen.storyboard in Resources */,
				E01FD8BD2027434600152D02 /* Assets.xcassets in Resources */,
			);
			runOnlyForDeploymentPostprocessing = 0;
		};
		E01FD8C42027434600152D02 /* Resources */ = {
			isa = PBXResourcesBuildPhase;
			buildActionMask = 2147483647;
			files = (
				E044359F202CE4F4001E4545 /* AdPrice.json in Resources */,
				E094062720274CDF008B5FAB /* TestData.json in Resources */,
				E044359E202CE4F4001E4545 /* AdPhoto.json in Resources */,
				E04435A5202CE682001E4545 /* NormalAd.json in Resources */,
			);
			runOnlyForDeploymentPostprocessing = 0;
		};
/* End PBXResourcesBuildPhase section */

/* Begin PBXShellScriptBuildPhase section */
		095ECB5D3C31729892A3C7C5 /* [CP] Embed Pods Frameworks */ = {
			isa = PBXShellScriptBuildPhase;
			buildActionMask = 2147483647;
			files = (
			);
			inputPaths = (
			);
			name = "[CP] Embed Pods Frameworks";
			outputPaths = (
			);
			runOnlyForDeploymentPostprocessing = 0;
			shellPath = /bin/sh;
			shellScript = "\"${SRCROOT}/Pods/Target Support Files/Pods-FINNTests/Pods-FINNTests-frameworks.sh\"\n";
			showEnvVarsInLog = 0;
		};
		58D94C837F0B5582FFE5C6B9 /* [CP] Copy Pods Resources */ = {
			isa = PBXShellScriptBuildPhase;
			buildActionMask = 2147483647;
			files = (
			);
			inputPaths = (
			);
			name = "[CP] Copy Pods Resources";
			outputPaths = (
			);
			runOnlyForDeploymentPostprocessing = 0;
			shellPath = /bin/sh;
			shellScript = "\"${SRCROOT}/Pods/Target Support Files/Pods-FINNTests/Pods-FINNTests-resources.sh\"\n";
			showEnvVarsInLog = 0;
		};
		A22895D889ABEF58DEC2A7FD /* [CP] Copy Pods Resources */ = {
			isa = PBXShellScriptBuildPhase;
			buildActionMask = 2147483647;
			files = (
			);
			inputPaths = (
			);
			name = "[CP] Copy Pods Resources";
			outputPaths = (
			);
			runOnlyForDeploymentPostprocessing = 0;
			shellPath = /bin/sh;
			shellScript = "\"${SRCROOT}/Pods/Target Support Files/Pods-FINN/Pods-FINN-resources.sh\"\n";
			showEnvVarsInLog = 0;
		};
		D17B5C2ECD3650A9E702C956 /* [CP] Check Pods Manifest.lock */ = {
			isa = PBXShellScriptBuildPhase;
			buildActionMask = 2147483647;
			files = (
			);
			inputPaths = (
				"${PODS_PODFILE_DIR_PATH}/Podfile.lock",
				"${PODS_ROOT}/Manifest.lock",
			);
			name = "[CP] Check Pods Manifest.lock";
			outputPaths = (
				"$(DERIVED_FILE_DIR)/Pods-FINN-checkManifestLockResult.txt",
			);
			runOnlyForDeploymentPostprocessing = 0;
			shellPath = /bin/sh;
			shellScript = "diff \"${PODS_PODFILE_DIR_PATH}/Podfile.lock\" \"${PODS_ROOT}/Manifest.lock\" > /dev/null\nif [ $? != 0 ] ; then\n    # print error to STDERR\n    echo \"error: The sandbox is not in sync with the Podfile.lock. Run 'pod install' or update your CocoaPods installation.\" >&2\n    exit 1\nfi\n# This output is used by Xcode 'outputs' to avoid re-running this script phase.\necho \"SUCCESS\" > \"${SCRIPT_OUTPUT_FILE_0}\"\n";
			showEnvVarsInLog = 0;
		};
		D62B6E051D07748B53006587 /* [CP] Embed Pods Frameworks */ = {
			isa = PBXShellScriptBuildPhase;
			buildActionMask = 2147483647;
			files = (
			);
			inputPaths = (
				"${SRCROOT}/Pods/Target Support Files/Pods-FINN/Pods-FINN-frameworks.sh",
				"${BUILT_PRODUCTS_DIR}/Realm/Realm.framework",
				"${BUILT_PRODUCTS_DIR}/RealmSwift/RealmSwift.framework",
			);
			name = "[CP] Embed Pods Frameworks";
			outputPaths = (
				"${TARGET_BUILD_DIR}/${FRAMEWORKS_FOLDER_PATH}/Realm.framework",
				"${TARGET_BUILD_DIR}/${FRAMEWORKS_FOLDER_PATH}/RealmSwift.framework",
			);
			runOnlyForDeploymentPostprocessing = 0;
			shellPath = /bin/sh;
			shellScript = "\"${SRCROOT}/Pods/Target Support Files/Pods-FINN/Pods-FINN-frameworks.sh\"\n";
			showEnvVarsInLog = 0;
		};
		D7EA3912D42AFB9FB41B74CC /* [CP] Check Pods Manifest.lock */ = {
			isa = PBXShellScriptBuildPhase;
			buildActionMask = 2147483647;
			files = (
			);
			inputPaths = (
				"${PODS_PODFILE_DIR_PATH}/Podfile.lock",
				"${PODS_ROOT}/Manifest.lock",
			);
			name = "[CP] Check Pods Manifest.lock";
			outputPaths = (
				"$(DERIVED_FILE_DIR)/Pods-FINNTests-checkManifestLockResult.txt",
			);
			runOnlyForDeploymentPostprocessing = 0;
			shellPath = /bin/sh;
			shellScript = "diff \"${PODS_PODFILE_DIR_PATH}/Podfile.lock\" \"${PODS_ROOT}/Manifest.lock\" > /dev/null\nif [ $? != 0 ] ; then\n    # print error to STDERR\n    echo \"error: The sandbox is not in sync with the Podfile.lock. Run 'pod install' or update your CocoaPods installation.\" >&2\n    exit 1\nfi\n# This output is used by Xcode 'outputs' to avoid re-running this script phase.\necho \"SUCCESS\" > \"${SCRIPT_OUTPUT_FILE_0}\"\n";
			showEnvVarsInLog = 0;
		};
		E094062220274B48008B5FAB /* ShellScript */ = {
			isa = PBXShellScriptBuildPhase;
			buildActionMask = 2147483647;
			files = (
			);
			inputPaths = (
			);
			outputPaths = (
			);
			runOnlyForDeploymentPostprocessing = 0;
			shellPath = /bin/sh;
			shellScript = "\"${PODS_ROOT}/SwiftLint/swiftlint\"";
		};
/* End PBXShellScriptBuildPhase section */

/* Begin PBXSourcesBuildPhase section */
		E01FD8AE2027434600152D02 /* Sources */ = {
			isa = PBXSourcesBuildPhase;
			buildActionMask = 2147483647;
			files = (
				E094062F202754BE008B5FAB /* AdCell.swift in Sources */,
				E094063620275A61008B5FAB /* Identifiable.swift in Sources */,
				E094065F2027AA8F008B5FAB /* URLSession.swift in Sources */,
				E094063A20275D40008B5FAB /* Roundable.swift in Sources */,
				E0940632202754CA008B5FAB /* AdCellPresenter.swift in Sources */,
				E08A19A42029074200A4BF3E /* UIButton.swift in Sources */,
				E094062A20275047008B5FAB /* GraySwitch.swift in Sources */,
				E033115D2027ABB300903318 /* Result.swift in Sources */,
				E0940648202795C4008B5FAB /* AdPhotoImageView.swift in Sources */,
				E08A19A02028F49000A4BF3E /* NormalAd.swift in Sources */,
				E094064620276B7A008B5FAB /* UIColor.swift in Sources */,
				E05CC415202B810F0017393C /* RealmConfig.swift in Sources */,
				E09406592027A7F8008B5FAB /* FINNImageAPI.swift in Sources */,
				E094062120274A38008B5FAB /* DependencyContainer.swift in Sources */,
				E094061D20274A12008B5FAB /* FileManagerProvider.swift in Sources */,
				E05CC413202B79880017393C /* DatabaseError.swift in Sources */,
				E0443598202CDD34001E4545 /* Error.swift in Sources */,
				E09406572027A4B4008B5FAB /* Configuration.swift in Sources */,
				E094063820275A90008B5FAB /* UICollectionViewCell.swift in Sources */,
				E08A199E2028F47500A4BF3E /* AdsContainer.swift in Sources */,
				E05CC419202B89440017393C /* FileManagerError.swift in Sources */,
				E08A199A2028F3B500A4BF3E /* AdPrice.swift in Sources */,
				E094064A20279685008B5FAB /* PriceSemiRoundedView.swift in Sources */,
				E01FD8B62027434600152D02 /* AppDelegate.swift in Sources */,
				E08A19A22028F4BD00A4BF3E /* FavouriteAd.swift in Sources */,
				E02A8B03202A6234007C2C11 /* LoadingView.swift in Sources */,
				E094061B202749FD008B5FAB /* DatabaseProvider.swift in Sources */,
				E0940619202748A4008B5FAB /* AdsListPresenter.swift in Sources */,
				E08A199C2028F3E000A4BF3E /* AdPhoto.swift in Sources */,
				E094065020279DD8008B5FAB /* API.swift in Sources */,
				E094064C20279D9E008B5FAB /* HTTPMethod.swift in Sources */,
				E0443596202CDB74001E4545 /* Alertable.swift in Sources */,
				E0C82DF1202F198300ED7513 /* RequestBuilder.swift in Sources */,
				E094065D2027AA6B008B5FAB /* URLSessionProtocol.swift in Sources */,
				E09406162027486A008B5FAB /* AdsListViewController.swift in Sources */,
				E094064E20279DC4008B5FAB /* FINNAdsAPI.swift in Sources */,
				E033115F2027ABBE00903318 /* NetworkError.swift in Sources */,
				E094063420275A2F008B5FAB /* UICollectionView.swift in Sources */,
				E02A8B01202A33E9007C2C11 /* CacheProvider.swift in Sources */,
				E094061F20274A23008B5FAB /* NetworkProvider.swift in Sources */,
			);
			runOnlyForDeploymentPostprocessing = 0;
		};
		E01FD8C22027434600152D02 /* Sources */ = {
			isa = PBXSourcesBuildPhase;
			buildActionMask = 2147483647;
			files = (
				E0C82DEF202F011100ED7513 /* NetworkProviderTests.swift in Sources */,
				E04435A9202CEAA6001E4545 /* FavouriteAdTests.swift in Sources */,
				E0C82DEB202F009D00ED7513 /* MockURLSessionDataTask.swift in Sources */,
				E0CA61D9202F66440078D4A2 /* MockNetworkProvider.swift in Sources */,
				E0DAE16B203058E200CB8593 /* MockCollectionView.swift in Sources */,
				E005A95E202FA302004FEF0B /* AdsListViewControllerTests.swift in Sources */,
				E0C82DF3202F205200ED7513 /* RequestBuilderTests.swift in Sources */,
				E04435B1202E1D87001E4545 /* DatabaseProviderTests.swift in Sources */,
				E0CA61D7202F65DE0078D4A2 /* AdCellPresenterTests.swift in Sources */,
				E04435A7202CE964001E4545 /* AdsContainerTests.swift in Sources */,
				E044359B202CE3C5001E4545 /* AdPriceTests.swift in Sources */,
				E0CA61DB202F67F70078D4A2 /* MockCacheProvider.swift in Sources */,
				E04435AD202E1599001E4545 /* CacheProviderTests.swift in Sources */,
				E005A960202FA45E004FEF0B /* MockAdsListPresenter.swift in Sources */,
				E0C82DF7202F240900ED7513 /* AdCellTests.swift in Sources */,
				E04435A1202CE5C8001E4545 /* AdPhotoTests.swift in Sources */,
				E0C82DF5202F235600ED7513 /* MockAdCellPresenter.swift in Sources */,
				E0C82DE9202F006200ED7513 /* MockURLSession.swift in Sources */,
				E04435AF202E1950001E4545 /* FileManagerProviderTests.swift in Sources */,
				E04435A3202CE64E001E4545 /* NormalAdTests.swift in Sources */,
			);
			runOnlyForDeploymentPostprocessing = 0;
		};
/* End PBXSourcesBuildPhase section */

/* Begin PBXTargetDependency section */
		E01FD8C82027434600152D02 /* PBXTargetDependency */ = {
			isa = PBXTargetDependency;
			target = E01FD8B12027434600152D02 /* FINN */;
			targetProxy = E01FD8C72027434600152D02 /* PBXContainerItemProxy */;
		};
/* End PBXTargetDependency section */

/* Begin XCBuildConfiguration section */
		E01FD8CD2027434600152D02 /* Debug */ = {
			isa = XCBuildConfiguration;
			buildSettings = {
				ALWAYS_SEARCH_USER_PATHS = NO;
				CLANG_ANALYZER_NONNULL = YES;
				CLANG_ANALYZER_NUMBER_OBJECT_CONVERSION = YES_AGGRESSIVE;
				CLANG_CXX_LANGUAGE_STANDARD = "gnu++14";
				CLANG_CXX_LIBRARY = "libc++";
				CLANG_ENABLE_MODULES = YES;
				CLANG_ENABLE_OBJC_ARC = YES;
				CLANG_WARN_BLOCK_CAPTURE_AUTORELEASING = YES;
				CLANG_WARN_BOOL_CONVERSION = YES;
				CLANG_WARN_COMMA = YES;
				CLANG_WARN_CONSTANT_CONVERSION = YES;
				CLANG_WARN_DIRECT_OBJC_ISA_USAGE = YES_ERROR;
				CLANG_WARN_DOCUMENTATION_COMMENTS = YES;
				CLANG_WARN_EMPTY_BODY = YES;
				CLANG_WARN_ENUM_CONVERSION = YES;
				CLANG_WARN_INFINITE_RECURSION = YES;
				CLANG_WARN_INT_CONVERSION = YES;
				CLANG_WARN_NON_LITERAL_NULL_CONVERSION = YES;
				CLANG_WARN_OBJC_LITERAL_CONVERSION = YES;
				CLANG_WARN_OBJC_ROOT_CLASS = YES_ERROR;
				CLANG_WARN_RANGE_LOOP_ANALYSIS = YES;
				CLANG_WARN_STRICT_PROTOTYPES = YES;
				CLANG_WARN_SUSPICIOUS_MOVE = YES;
				CLANG_WARN_UNGUARDED_AVAILABILITY = YES_AGGRESSIVE;
				CLANG_WARN_UNREACHABLE_CODE = YES;
				CLANG_WARN__DUPLICATE_METHOD_MATCH = YES;
				CODE_SIGN_IDENTITY = "iPhone Developer";
				COPY_PHASE_STRIP = NO;
				DEBUG_INFORMATION_FORMAT = dwarf;
				ENABLE_STRICT_OBJC_MSGSEND = YES;
				ENABLE_TESTABILITY = YES;
				GCC_C_LANGUAGE_STANDARD = gnu11;
				GCC_DYNAMIC_NO_PIC = NO;
				GCC_NO_COMMON_BLOCKS = YES;
				GCC_OPTIMIZATION_LEVEL = 0;
				GCC_PREPROCESSOR_DEFINITIONS = (
					"DEBUG=1",
					"$(inherited)",
				);
				GCC_WARN_64_TO_32_BIT_CONVERSION = YES;
				GCC_WARN_ABOUT_RETURN_TYPE = YES_ERROR;
				GCC_WARN_UNDECLARED_SELECTOR = YES;
				GCC_WARN_UNINITIALIZED_AUTOS = YES_AGGRESSIVE;
				GCC_WARN_UNUSED_FUNCTION = YES;
				GCC_WARN_UNUSED_VARIABLE = YES;
				IPHONEOS_DEPLOYMENT_TARGET = 11.2;
				MTL_ENABLE_DEBUG_INFO = YES;
				ONLY_ACTIVE_ARCH = YES;
				SDKROOT = iphoneos;
				SWIFT_ACTIVE_COMPILATION_CONDITIONS = DEBUG;
				SWIFT_OPTIMIZATION_LEVEL = "-Onone";
			};
			name = Debug;
		};
		E01FD8CE2027434600152D02 /* Release */ = {
			isa = XCBuildConfiguration;
			buildSettings = {
				ALWAYS_SEARCH_USER_PATHS = NO;
				CLANG_ANALYZER_NONNULL = YES;
				CLANG_ANALYZER_NUMBER_OBJECT_CONVERSION = YES_AGGRESSIVE;
				CLANG_CXX_LANGUAGE_STANDARD = "gnu++14";
				CLANG_CXX_LIBRARY = "libc++";
				CLANG_ENABLE_MODULES = YES;
				CLANG_ENABLE_OBJC_ARC = YES;
				CLANG_WARN_BLOCK_CAPTURE_AUTORELEASING = YES;
				CLANG_WARN_BOOL_CONVERSION = YES;
				CLANG_WARN_COMMA = YES;
				CLANG_WARN_CONSTANT_CONVERSION = YES;
				CLANG_WARN_DIRECT_OBJC_ISA_USAGE = YES_ERROR;
				CLANG_WARN_DOCUMENTATION_COMMENTS = YES;
				CLANG_WARN_EMPTY_BODY = YES;
				CLANG_WARN_ENUM_CONVERSION = YES;
				CLANG_WARN_INFINITE_RECURSION = YES;
				CLANG_WARN_INT_CONVERSION = YES;
				CLANG_WARN_NON_LITERAL_NULL_CONVERSION = YES;
				CLANG_WARN_OBJC_LITERAL_CONVERSION = YES;
				CLANG_WARN_OBJC_ROOT_CLASS = YES_ERROR;
				CLANG_WARN_RANGE_LOOP_ANALYSIS = YES;
				CLANG_WARN_STRICT_PROTOTYPES = YES;
				CLANG_WARN_SUSPICIOUS_MOVE = YES;
				CLANG_WARN_UNGUARDED_AVAILABILITY = YES_AGGRESSIVE;
				CLANG_WARN_UNREACHABLE_CODE = YES;
				CLANG_WARN__DUPLICATE_METHOD_MATCH = YES;
				CODE_SIGN_IDENTITY = "iPhone Developer";
				COPY_PHASE_STRIP = NO;
				DEBUG_INFORMATION_FORMAT = "dwarf-with-dsym";
				ENABLE_NS_ASSERTIONS = NO;
				ENABLE_STRICT_OBJC_MSGSEND = YES;
				GCC_C_LANGUAGE_STANDARD = gnu11;
				GCC_NO_COMMON_BLOCKS = YES;
				GCC_WARN_64_TO_32_BIT_CONVERSION = YES;
				GCC_WARN_ABOUT_RETURN_TYPE = YES_ERROR;
				GCC_WARN_UNDECLARED_SELECTOR = YES;
				GCC_WARN_UNINITIALIZED_AUTOS = YES_AGGRESSIVE;
				GCC_WARN_UNUSED_FUNCTION = YES;
				GCC_WARN_UNUSED_VARIABLE = YES;
				IPHONEOS_DEPLOYMENT_TARGET = 11.2;
				MTL_ENABLE_DEBUG_INFO = NO;
				SDKROOT = iphoneos;
				SWIFT_OPTIMIZATION_LEVEL = "-Owholemodule";
				VALIDATE_PRODUCT = YES;
			};
			name = Release;
		};
		E01FD8D02027434600152D02 /* Debug */ = {
			isa = XCBuildConfiguration;
			baseConfigurationReference = E094065420279F1B008B5FAB /* debug.xcconfig */;
			buildSettings = {
				ASSETCATALOG_COMPILER_APPICON_NAME = AppIcon;
				CODE_SIGN_STYLE = Automatic;
				DEVELOPMENT_TEAM = P8WVW27EH5;
				INFOPLIST_FILE = "$(SRCROOT)/FINN/Supporting Files/Info.plist";
				IPHONEOS_DEPLOYMENT_TARGET = 11.0;
				LD_RUNPATH_SEARCH_PATHS = "$(inherited) @executable_path/Frameworks";
				PRODUCT_BUNDLE_IDENTIFIER = com.amadeuandrade.FINN;
				PRODUCT_NAME = "$(TARGET_NAME)";
				SWIFT_VERSION = 4.0;
				TARGETED_DEVICE_FAMILY = "1,2";
			};
			name = Debug;
		};
		E01FD8D12027434600152D02 /* Release */ = {
			isa = XCBuildConfiguration;
			baseConfigurationReference = E094065520279F24008B5FAB /* release.xcconfig */;
			buildSettings = {
				ASSETCATALOG_COMPILER_APPICON_NAME = AppIcon;
				CODE_SIGN_STYLE = Automatic;
				DEVELOPMENT_TEAM = P8WVW27EH5;
				INFOPLIST_FILE = "$(SRCROOT)/FINN/Supporting Files/Info.plist";
				IPHONEOS_DEPLOYMENT_TARGET = 11.0;
				LD_RUNPATH_SEARCH_PATHS = "$(inherited) @executable_path/Frameworks";
				PRODUCT_BUNDLE_IDENTIFIER = com.amadeuandrade.FINN;
				PRODUCT_NAME = "$(TARGET_NAME)";
				SWIFT_VERSION = 4.0;
				TARGETED_DEVICE_FAMILY = "1,2";
			};
			name = Release;
		};
		E01FD8D32027434600152D02 /* Debug */ = {
			isa = XCBuildConfiguration;
			baseConfigurationReference = E094065220279F02008B5FAB /* debug.tests.xcconfig */;
			buildSettings = {
				ALWAYS_EMBED_SWIFT_STANDARD_LIBRARIES = YES;
				BUNDLE_LOADER = "$(TEST_HOST)";
				CLANG_ENABLE_MODULES = YES;
				CODE_SIGN_STYLE = Automatic;
				DEVELOPMENT_TEAM = P8WVW27EH5;
				INFOPLIST_FILE = "FINNTests/Supporting Files/Info.plist";
				LD_RUNPATH_SEARCH_PATHS = "$(inherited) @executable_path/Frameworks @loader_path/Frameworks";
				PRODUCT_BUNDLE_IDENTIFIER = com.amadeuandrade.FINNTests;
				PRODUCT_NAME = "$(TARGET_NAME)";
				SWIFT_OPTIMIZATION_LEVEL = "-Onone";
				SWIFT_VERSION = 4.0;
				TARGETED_DEVICE_FAMILY = "1,2";
				TEST_HOST = "$(BUILT_PRODUCTS_DIR)/FINN.app/FINN";
			};
			name = Debug;
		};
		E01FD8D42027434600152D02 /* Release */ = {
			isa = XCBuildConfiguration;
			baseConfigurationReference = E094065320279F12008B5FAB /* release.tests.xcconfig */;
			buildSettings = {
				ALWAYS_EMBED_SWIFT_STANDARD_LIBRARIES = YES;
				BUNDLE_LOADER = "$(TEST_HOST)";
				CLANG_ENABLE_MODULES = YES;
				CODE_SIGN_STYLE = Automatic;
				DEVELOPMENT_TEAM = P8WVW27EH5;
				INFOPLIST_FILE = "FINNTests/Supporting Files/Info.plist";
				LD_RUNPATH_SEARCH_PATHS = "$(inherited) @executable_path/Frameworks @loader_path/Frameworks";
				PRODUCT_BUNDLE_IDENTIFIER = com.amadeuandrade.FINNTests;
				PRODUCT_NAME = "$(TARGET_NAME)";
				SWIFT_VERSION = 4.0;
				TARGETED_DEVICE_FAMILY = "1,2";
				TEST_HOST = "$(BUILT_PRODUCTS_DIR)/FINN.app/FINN";
			};
			name = Release;
		};
/* End XCBuildConfiguration section */

/* Begin XCConfigurationList section */
		E01FD8AD2027434600152D02 /* Build configuration list for PBXProject "FINN" */ = {
			isa = XCConfigurationList;
			buildConfigurations = (
				E01FD8CD2027434600152D02 /* Debug */,
				E01FD8CE2027434600152D02 /* Release */,
			);
			defaultConfigurationIsVisible = 0;
			defaultConfigurationName = Release;
		};
		E01FD8CF2027434600152D02 /* Build configuration list for PBXNativeTarget "FINN" */ = {
			isa = XCConfigurationList;
			buildConfigurations = (
				E01FD8D02027434600152D02 /* Debug */,
				E01FD8D12027434600152D02 /* Release */,
			);
			defaultConfigurationIsVisible = 0;
			defaultConfigurationName = Release;
		};
		E01FD8D22027434600152D02 /* Build configuration list for PBXNativeTarget "FINNTests" */ = {
			isa = XCConfigurationList;
			buildConfigurations = (
				E01FD8D32027434600152D02 /* Debug */,
				E01FD8D42027434600152D02 /* Release */,
			);
			defaultConfigurationIsVisible = 0;
			defaultConfigurationName = Release;
		};
/* End XCConfigurationList section */
	};
	rootObject = E01FD8AA2027434600152D02 /* Project object */;
}
